
Microsoft Visual Studio Solution File, Format Version 12.00
# Visual Studio Version 17
VisualStudioVersion = 17.14.36310.24 d17.14
MinimumVisualStudioVersion = 10.0.40219.1
Project("{FAE04EC0-301F-11D3-BF4B-00C04F79EFBC}") = "28.Matrices", "28.Matrices.csproj", "{9870FAEF-0868-4283-9F7C-20728EDFA450}"
EndProject
Global
	GlobalSection(SolutionConfigurationPlatforms) = preSolution
		Debug|Any CPU = Debug|Any CPU
		Release|Any CPU = Release|Any CPU
	EndGlobalSection
	GlobalSection(ProjectConfigurationPlatforms) = postSolution
		{9870FAEF-0868-4283-9F7C-20728EDFA450}.Debug|Any CPU.ActiveCfg = Debug|Any CPU
		{9870FAEF-0868-4283-9F7C-20728EDFA450}.Debug|Any CPU.Build.0 = Debug|Any CPU
		{9870FAEF-0868-4283-9F7C-20728EDFA450}.Release|Any CPU.ActiveCfg = Release|Any CPU
		{9870FAEF-0868-4283-9F7C-20728EDFA450}.Release|Any CPU.Build.0 = Release|Any CPU
	EndGlobalSection
	GlobalSection(SolutionProperties) = preSolution
		HideSolutionNode = FALSE
	EndGlobalSection
	GlobalSection(ExtensibilityGlobals) = postSolution
		SolutionGuid = {D9B8F675-481E-4C7A-9812-E921119375FA}
	EndGlobalSection
EndGlobal
