
Microsoft Visual Studio Solution File, Format Version 12.00
# Visual Studio Version 17
VisualStudioVersion = 17.14.36310.24 d17.14
MinimumVisualStudioVersion = 10.0.40219.1
Project("{FAE04EC0-301F-11D3-BF4B-00C04F79EFBC}") = "16.WhileTarea", "16.WhileTarea.csproj", "{4FCB024F-5E0A-40B8-A81A-E11804E38920}"
EndProject
Global
	GlobalSection(SolutionConfigurationPlatforms) = preSolution
		Debug|Any CPU = Debug|Any CPU
		Release|Any CPU = Release|Any CPU
	EndGlobalSection
	GlobalSection(ProjectConfigurationPlatforms) = postSolution
		{4FCB024F-5E0A-40B8-A81A-E11804E38920}.Debug|Any CPU.ActiveCfg = Debug|Any CPU
		{4FCB024F-5E0A-40B8-A81A-E11804E38920}.Debug|Any CPU.Build.0 = Debug|Any CPU
		{4FCB024F-5E0A-40B8-A81A-E11804E38920}.Release|Any CPU.ActiveCfg = Release|Any CPU
		{4FCB024F-5E0A-40B8-A81A-E11804E38920}.Release|Any CPU.Build.0 = Release|Any CPU
	EndGlobalSection
	GlobalSection(SolutionProperties) = preSolution
		HideSolutionNode = FALSE
	EndGlobalSection
	GlobalSection(ExtensibilityGlobals) = postSolution
		SolutionGuid = {D36EBFAA-434A-4709-8F7A-5597870152FF}
	EndGlobalSection
EndGlobal
