
Microsoft Visual Studio Solution File, Format Version 12.00
# Visual Studio Version 17
VisualStudioVersion = 17.14.36401.2 d17.14
MinimumVisualStudioVersion = 10.0.40219.1
Project("{FAE04EC0-301F-11D3-BF4B-00C04F79EFBC}") = "Taller condicionales 4", "Taller condicionales 4.csproj", "{9F68CDBF-B5CC-457D-A028-840EAB72DC5C}"
EndProject
Global
	GlobalSection(SolutionConfigurationPlatforms) = preSolution
		Debug|Any CPU = Debug|Any CPU
		Release|Any CPU = Release|Any CPU
	EndGlobalSection
	GlobalSection(ProjectConfigurationPlatforms) = postSolution
		{9F68CDBF-B5CC-457D-A028-840EAB72DC5C}.Debug|Any CPU.ActiveCfg = Debug|Any CPU
		{9F68CDBF-B5CC-457D-A028-840EAB72DC5C}.Debug|Any CPU.Build.0 = Debug|Any CPU
		{9F68CDBF-B5CC-457D-A028-840EAB72DC5C}.Release|Any CPU.ActiveCfg = Release|Any CPU
		{9F68CDBF-B5CC-457D-A028-840EAB72DC5C}.Release|Any CPU.Build.0 = Release|Any CPU
	EndGlobalSection
	GlobalSection(SolutionProperties) = preSolution
		HideSolutionNode = FALSE
	EndGlobalSection
	GlobalSection(ExtensibilityGlobals) = postSolution
		SolutionGuid = {87003594-9230-4BA2-B2C2-1904F787E5D0}
	EndGlobalSection
EndGlobal
